# This file is autogenerated, do not edit; changes may be undone by the next 'dep ensure'.


[[projects]]
  name = "github.com/gchaincl/dotsql"
  packages = ["."]
  revision = "5487b6a5fc12870425fc14d9e05a3fabddd91d7e"
  version = "v0.1.0"

[[projects]]
  name = "github.com/lib/pq"
  packages = [".","oid"]
  revision = "4ded0e9383f75c197b3a2aaa6d590ac52df6fd79"
  version = "v1.0.0"

[solve-meta]
  analyzer-name = "dep"
  analyzer-version = 1
  inputs-digest = "206bcfef1bcc06bb6cbcc5a48cb7ed74912b102a8b9e179b04154725fb87ad03"
  solver-name = "gps-cdcl"
  solver-version = 1
